// !$*UTF8*$!
{
	archiveVersion = 1;
	classes = {
	};
	objectVersion = 77;
	objects = {

/* Begin PBXBuildFile section */
		86FA9D112F72FADC0066DC30 /* WidgetKit.framework in Frameworks */ = {isa = PBXBuildFile; fileRef = 86FA9D102F72FADC0066DC30 /* WidgetKit.framework */; };
		86FA9D132F72FADC0066DC30 /* SwiftUI.framework in Frameworks */ = {isa = PBXBuildFile; fileRef = 86FA9D122F72FADC0066DC30 /* SwiftUI.framework */; };
		86FA9D242F72FADD0066DC30 /* ApapachoWidgetExtension.appex in Embed Foundation Extensions */ = {isa = PBXBuildFile; fileRef = 86FA9D0E2F72FADC0066DC30 /* ApapachoWidgetExtension.appex */; settings = {ATTRIBUTES = (RemoveHeadersOnCopy, ); }; };
/* End PBXBuildFile section */

/* Begin PBXContainerItemProxy section */
		86FA893E2F71BCB600A665CD /* PBXContainerItemProxy */ = {
			isa = PBXContainerItemProxy;
			containerPortal = 86FA89282F71BCB500A665CD /* Project object */;
			proxyType = 1;
			remoteGlobalIDString = 86FA892F2F71BCB500A665CD;
			remoteInfo = Kokoro;
		};
		86FA89482F71BCB600A665CD /* PBXContainerItemProxy */ = {
			isa = PBXContainerItemProxy;
			containerPortal = 86FA89282F71BCB500A665CD /* Project object */;
			proxyType = 1;
			remoteGlobalIDString = 86FA892F2F71BCB500A665CD;
			remoteInfo = Kokoro;
		};
		86FA9D222F72FADD0066DC30 /* PBXContainerItemProxy */ = {
			isa = PBXContainerItemProxy;
			containerPortal = 86FA89282F71BCB500A665CD /* Project object */;
			proxyType = 1;
			remoteGlobalIDString = 86FA9D0D2F72FADC0066DC30;
			remoteInfo = ApapachoWidgetExtension;
		};
/* End PBXContainerItemProxy section */

/* Begin PBXCopyFilesBuildPhase section */
		86FA9D292F72FADD0066DC30 /* Embed Foundation Extensions */ = {
			isa = PBXCopyFilesBuildPhase;
			buildActionMask = 2147483647;
			dstPath = "";
			dstSubfolderSpec = 13;
			files = (
				86FA9D242F72FADD0066DC30 /* ApapachoWidgetExtension.appex in Embed Foundation Extensions */,
			);
			name = "Embed Foundation Extensions";
			runOnlyForDeploymentPostprocessing = 0;
		};
/* End PBXCopyFilesBuildPhase section */

/* Begin PBXFileReference section */
		86FA89302F71BCB500A665CD /* Apapacho.app */ = {isa = PBXFileReference; explicitFileType = wrapper.application; includeInIndex = 0; path = Apapacho.app; sourceTree = BUILT_PRODUCTS_DIR; };
		86FA893D2F71BCB600A665CD /* ApapachoTests.xctest */ = {isa = PBXFileReference; explicitFileType = wrapper.cfbundle; includeInIndex = 0; path = ApapachoTests.xctest; sourceTree = BUILT_PRODUCTS_DIR; };
		86FA89472F71BCB600A665CD /* ApapachoUITests.xctest */ = {isa = PBXFileReference; explicitFileType = wrapper.cfbundle; includeInIndex = 0; path = ApapachoUITests.xctest; sourceTree = BUILT_PRODUCTS_DIR; };
		86FA9D0E2F72FADC0066DC30 /* ApapachoWidgetExtension.appex */ = {isa = PBXFileReference; explicitFileType = "wrapper.app-extension"; includeInIndex = 0; path = ApapachoWidgetExtension.appex; sourceTree = BUILT_PRODUCTS_DIR; };
		86FA9D102F72FADC0066DC30 /* WidgetKit.framework */ = {isa = PBXFileReference; lastKnownFileType = wrapper.framework; name = WidgetKit.framework; path = System/Library/Frameworks/WidgetKit.framework; sourceTree = SDKROOT; };
		86FA9D122F72FADC0066DC30 /* SwiftUI.framework */ = {isa = PBXFileReference; lastKnownFileType = wrapper.framework; name = SwiftUI.framework; path = System/Library/Frameworks/SwiftUI.framework; sourceTree = SDKROOT; };
		86FA9D2E2F72FDB70066DC30 /* Apapacho.entitlements */ = {isa = PBXFileReference; lastKnownFileType = text.plist.entitlements; path = Apapacho.entitlements; sourceTree = "<group>"; };
		86FA9D2F2F72FE380066DC30 /* ApapachoWidgetExtension.entitlements */ = {isa = PBXFileReference; lastKnownFileType = text.plist.entitlements; path = ApapachoWidgetExtension.entitlements; sourceTree = "<group>"; };
/* End PBXFileReference section */

/* Begin PBXFileSystemSynchronizedBuildFileExceptionSet section */
		86FA9D252F72FADD0066DC30 /* Exceptions for "ApapachoWidget" folder in "ApapachoWidgetExtension" target */ = {
			isa = PBXFileSystemSynchronizedBuildFileExceptionSet;
			membershipExceptions = (
				Info.plist,
			);
			target = 86FA9D0D2F72FADC0066DC30 /* ApapachoWidgetExtension */;
		};
		86FA9D2D2F72FC9A0066DC30 /* Exceptions for "Kokoro" folder in "ApapachoWidgetExtension" target */ = {
			isa = PBXFileSystemSynchronizedBuildFileExceptionSet;
			membershipExceptions = (
				TuDiaWidgetModels.swift,
			);
			target = 86FA9D0D2F72FADC0066DC30 /* ApapachoWidgetExtension */;
		};
/* End PBXFileSystemSynchronizedBuildFileExceptionSet section */

/* Begin PBXFileSystemSynchronizedRootGroup section */
		86FA89322F71BCB500A665CD /* Kokoro */ = {
			isa = PBXFileSystemSynchronizedRootGroup;
			exceptions = (
				86FA9D2D2F72FC9A0066DC30 /* Exceptions for "Kokoro" folder in "ApapachoWidgetExtension" target */,
			);
			path = Kokoro;
			sourceTree = "<group>";
		};
		86FA89402F71BCB600A665CD /* KokoroTests */ = {
			isa = PBXFileSystemSynchronizedRootGroup;
			path = KokoroTests;
			sourceTree = "<group>";
		};
		86FA894A2F71BCB600A665CD /* KokoroUITests */ = {
			isa = PBXFileSystemSynchronizedRootGroup;
			path = KokoroUITests;
			sourceTree = "<group>";
		};
		86FA9D142F72FADC0066DC30 /* ApapachoWidget */ = {
			isa = PBXFileSystemSynchronizedRootGroup;
			exceptions = (
				86FA9D252F72FADD0066DC30 /* Exceptions for "ApapachoWidget" folder in "ApapachoWidgetExtension" target */,
			);
			path = ApapachoWidget;
			sourceTree = "<group>";
		};
/* End PBXFileSystemSynchronizedRootGroup section */

/* Begin PBXFrameworksBuildPhase section */
		86FA892D2F71BCB500A665CD /* Frameworks */ = {
			isa = PBXFrameworksBuildPhase;
			buildActionMask = 2147483647;
			files = (
			);
			runOnlyForDeploymentPostprocessing = 0;
		};
		86FA893A2F71BCB600A665CD /* Frameworks */ = {
			isa = PBXFrameworksBuildPhase;
			buildActionMask = 2147483647;
			files = (
			);
			runOnlyForDeploymentPostprocessing = 0;
		};
		86FA89442F71BCB600A665CD /* Frameworks */ = {
			isa = PBXFrameworksBuildPhase;
			buildActionMask = 2147483647;
			files = (
			);
			runOnlyForDeploymentPostprocessing = 0;
		};
		86FA9D0B2F72FADC0066DC30 /* Frameworks */ = {
			isa = PBXFrameworksBuildPhase;
			buildActionMask = 2147483647;
			files = (
				86FA9D132F72FADC0066DC30 /* SwiftUI.framework in Frameworks */,
				86FA9D112F72FADC0066DC30 /* WidgetKit.framework in Frameworks */,
			);
			runOnlyForDeploymentPostprocessing = 0;
		};
/* End PBXFrameworksBuildPhase section */

/* Begin PBXGroup section */
		86FA89272F71BCB500A665CD = {
			isa = PBXGroup;
			children = (
				86FA9D2F2F72FE380066DC30 /* ApapachoWidgetExtension.entitlements */,
				86FA9D2E2F72FDB70066DC30 /* Apapacho.entitlements */,
				86FA89322F71BCB500A665CD /* Kokoro */,
				86FA89402F71BCB600A665CD /* KokoroTests */,
				86FA894A2F71BCB600A665CD /* KokoroUITests */,
				86FA9D142F72FADC0066DC30 /* ApapachoWidget */,
				86FA9D0F2F72FADC0066DC30 /* Frameworks */,
				86FA89312F71BCB500A665CD /* Products */,
			);
			sourceTree = "<group>";
		};
		86FA89312F71BCB500A665CD /* Products */ = {
			isa = PBXGroup;
			children = (
				86FA89302F71BCB500A665CD /* Apapacho.app */,
				86FA893D2F71BCB600A665CD /* ApapachoTests.xctest */,
				86FA89472F71BCB600A665CD /* ApapachoUITests.xctest */,
				86FA9D0E2F72FADC0066DC30 /* ApapachoWidgetExtension.appex */,
			);
			name = Products;
			sourceTree = "<group>";
		};
		86FA9D0F2F72FADC0066DC30 /* Frameworks */ = {
			isa = PBXGroup;
			children = (
				86FA9D102F72FADC0066DC30 /* WidgetKit.framework */,
				86FA9D122F72FADC0066DC30 /* SwiftUI.framework */,
			);
			name = Frameworks;
			sourceTree = "<group>";
		};
/* End PBXGroup section */

/* Begin PBXNativeTarget section */
		86FA892F2F71BCB500A665CD /* Apapacho */ = {
			isa = PBXNativeTarget;
			buildConfigurationList = 86FA89512F71BCB600A665CD /* Build configuration list for PBXNativeTarget "Apapacho" */;
			buildPhases = (
				86FA892C2F71BCB500A665CD /* Sources */,
				86FA892D2F71BCB500A665CD /* Frameworks */,
				86FA892E2F71BCB500A665CD /* Resources */,
				86FA9D292F72FADD0066DC30 /* Embed Foundation Extensions */,
			);
			buildRules = (
			);
			dependencies = (
				86FA9D232F72FADD0066DC30 /* PBXTargetDependency */,
			);
			fileSystemSynchronizedGroups = (
				86FA89322F71BCB500A665CD /* Kokoro */,
			);
			name = Apapacho;
			packageProductDependencies = (
			);
			productName = Kokoro;
			productReference = 86FA89302F71BCB500A665CD /* Apapacho.app */;
			productType = "com.apple.product-type.application";
		};
		86FA893C2F71BCB600A665CD /* ApapachoTests */ = {
			isa = PBXNativeTarget;
			buildConfigurationList = 86FA89542F71BCB600A665CD /* Build configuration list for PBXNativeTarget "ApapachoTests" */;
			buildPhases = (
				86FA89392F71BCB600A665CD /* Sources */,
				86FA893A2F71BCB600A665CD /* Frameworks */,
				86FA893B2F71BCB600A665CD /* Resources */,
			);
			buildRules = (
			);
			dependencies = (
				86FA893F2F71BCB600A665CD /* PBXTargetDependency */,
			);
			fileSystemSynchronizedGroups = (
				86FA89402F71BCB600A665CD /* KokoroTests */,
			);
			name = ApapachoTests;
			packageProductDependencies = (
			);
			productName = KokoroTests;
			productReference = 86FA893D2F71BCB600A665CD /* ApapachoTests.xctest */;
			productType = "com.apple.product-type.bundle.unit-test";
		};
		86FA89462F71BCB600A665CD /* ApapachoUITests */ = {
			isa = PBXNativeTarget;
			buildConfigurationList = 86FA89572F71BCB600A665CD /* Build configuration list for PBXNativeTarget "ApapachoUITests" */;
			buildPhases = (
				86FA89432F71BCB600A665CD /* Sources */,
				86FA89442F71BCB600A665CD /* Frameworks */,
				86FA89452F71BCB600A665CD /* Resources */,
			);
			buildRules = (
			);
			dependencies = (
				86FA89492F71BCB600A665CD /* PBXTargetDependency */,
			);
			fileSystemSynchronizedGroups = (
				86FA894A2F71BCB600A665CD /* KokoroUITests */,
			);
			name = ApapachoUITests;
			packageProductDependencies = (
			);
			productName = KokoroUITests;
			productReference = 86FA89472F71BCB600A665CD /* ApapachoUITests.xctest */;
			productType = "com.apple.product-type.bundle.ui-testing";
		};
		86FA9D0D2F72FADC0066DC30 /* ApapachoWidgetExtension */ = {
			isa = PBXNativeTarget;
			buildConfigurationList = 86FA9D262F72FADD0066DC30 /* Build configuration list for PBXNativeTarget "ApapachoWidgetExtension" */;
			buildPhases = (
				86FA9D0A2F72FADC0066DC30 /* Sources */,
				86FA9D0B2F72FADC0066DC30 /* Frameworks */,
				86FA9D0C2F72FADC0066DC30 /* Resources */,
			);
			buildRules = (
			);
			dependencies = (
			);
			fileSystemSynchronizedGroups = (
				86FA9D142F72FADC0066DC30 /* ApapachoWidget */,
			);
			name = ApapachoWidgetExtension;
			packageProductDependencies = (
			);
			productName = ApapachoWidgetExtension;
			productReference = 86FA9D0E2F72FADC0066DC30 /* ApapachoWidgetExtension.appex */;
			productType = "com.apple.product-type.app-extension";
		};
/* End PBXNativeTarget section */

/* Begin PBXProject section */
		86FA89282F71BCB500A665CD /* Project object */ = {
			isa = PBXProject;
			attributes = {
				BuildIndependentTargetsInParallel = 1;
				LastSwiftUpdateCheck = 2600;
				LastUpgradeCheck = 2600;
				TargetAttributes = {
					86FA892F2F71BCB500A665CD = {
						CreatedOnToolsVersion = 26.0.1;
					};
					86FA893C2F71BCB600A665CD = {
						CreatedOnToolsVersion = 26.0.1;
						TestTargetID = 86FA892F2F71BCB500A665CD;
					};
					86FA89462F71BCB600A665CD = {
						CreatedOnToolsVersion = 26.0.1;
						TestTargetID = 86FA892F2F71BCB500A665CD;
					};
					86FA9D0D2F72FADC0066DC30 = {
						CreatedOnToolsVersion = 26.0.1;
					};
				};
			};
			buildConfigurationList = 86FA892B2F71BCB500A665CD /* Build configuration list for PBXProject "Apapacho" */;
			developmentRegion = en;
			hasScannedForEncodings = 0;
			knownRegions = (
				en,
				Base,
			);
			mainGroup = 86FA89272F71BCB500A665CD;
			minimizedProjectReferenceProxies = 1;
			preferredProjectObjectVersion = 77;
			productRefGroup = 86FA89312F71BCB500A665CD /* Products */;
			projectDirPath = "";
			projectRoot = "";
			targets = (
				86FA892F2F71BCB500A665CD /* Apapacho */,
				86FA893C2F71BCB600A665CD /* ApapachoTests */,
				86FA89462F71BCB600A665CD /* ApapachoUITests */,
				86FA9D0D2F72FADC0066DC30 /* ApapachoWidgetExtension */,
			);
		};
/* End PBXProject section */

/* Begin PBXResourcesBuildPhase section */
		86FA892E2F71BCB500A665CD /* Resources */ = {
			isa = PBXResourcesBuildPhase;
			buildActionMask = 2147483647;
			files = (
			);
			runOnlyForDeploymentPostprocessing = 0;
		};
		86FA893B2F71BCB600A665CD /* Resources */ = {
			isa = PBXResourcesBuildPhase;
			buildActionMask = 2147483647;
			files = (
			);
			runOnlyForDeploymentPostprocessing = 0;
		};
		86FA89452F71BCB600A665CD /* Resources */ = {
			isa = PBXResourcesBuildPhase;
			buildActionMask = 2147483647;
			files = (
			);
			runOnlyForDeploymentPostprocessing = 0;
		};
		86FA9D0C2F72FADC0066DC30 /* Resources */ = {
			isa = PBXResourcesBuildPhase;
			buildActionMask = 2147483647;
			files = (
			);
			runOnlyForDeploymentPostprocessing = 0;
		};
/* End PBXResourcesBuildPhase section */

/* Begin PBXSourcesBuildPhase section */
		86FA892C2F71BCB500A665CD /* Sources */ = {
			isa = PBXSourcesBuildPhase;
			buildActionMask = 2147483647;
			files = (
			);
			runOnlyForDeploymentPostprocessing = 0;
		};
		86FA89392F71BCB600A665CD /* Sources */ = {
			isa = PBXSourcesBuildPhase;
			buildActionMask = 2147483647;
			files = (
			);
			runOnlyForDeploymentPostprocessing = 0;
		};
		86FA89432F71BCB600A665CD /* Sources */ = {
			isa = PBXSourcesBuildPhase;
			buildActionMask = 2147483647;
			files = (
			);
			runOnlyForDeploymentPostprocessing = 0;
		};
		86FA9D0A2F72FADC0066DC30 /* Sources */ = {
			isa = PBXSourcesBuildPhase;
			buildActionMask = 2147483647;
			files = (
			);
			runOnlyForDeploymentPostprocessing = 0;
		};
/* End PBXSourcesBuildPhase section */

/* Begin PBXTargetDependency section */
		86FA893F2F71BCB600A665CD /* PBXTargetDependency */ = {
			isa = PBXTargetDependency;
			target = 86FA892F2F71BCB500A665CD /* Apapacho */;
			targetProxy = 86FA893E2F71BCB600A665CD /* PBXContainerItemProxy */;
		};
		86FA89492F71BCB600A665CD /* PBXTargetDependency */ = {
			isa = PBXTargetDependency;
			target = 86FA892F2F71BCB500A665CD /* Apapacho */;
			targetProxy = 86FA89482F71BCB600A665CD /* PBXContainerItemProxy */;
		};
		86FA9D232F72FADD0066DC30 /* PBXTargetDependency */ = {
			isa = PBXTargetDependency;
			target = 86FA9D0D2F72FADC0066DC30 /* ApapachoWidgetExtension */;
			targetProxy = 86FA9D222F72FADD0066DC30 /* PBXContainerItemProxy */;
		};
/* End PBXTargetDependency section */

/* Begin XCBuildConfiguration section */
		86FA894F2F71BCB600A665CD /* Debug */ = {
			isa = XCBuildConfiguration;
			buildSettings = {
				ALWAYS_SEARCH_USER_PATHS = NO;
				ASSETCATALOG_COMPILER_GENERATE_SWIFT_ASSET_SYMBOL_EXTENSIONS = YES;
				CLANG_ANALYZER_NONNULL = YES;
				CLANG_ANALYZER_NUMBER_OBJECT_CONVERSION = YES_AGGRESSIVE;
				CLANG_CXX_LANGUAGE_STANDARD = "gnu++20";
				CLANG_ENABLE_MODULES = YES;
				CLANG_ENABLE_OBJC_ARC = YES;
				CLANG_ENABLE_OBJC_WEAK = YES;
				CLANG_WARN_BLOCK_CAPTURE_AUTORELEASING = YES;
				CLANG_WARN_BOOL_CONVERSION = YES;
				CLANG_WARN_COMMA = YES;
				CLANG_WARN_CONSTANT_CONVERSION = YES;
				CLANG_WARN_DEPRECATED_OBJC_IMPLEMENTATIONS = YES;
				CLANG_WARN_DIRECT_OBJC_ISA_USAGE = YES_ERROR;
				CLANG_WARN_DOCUMENTATION_COMMENTS = YES;
				CLANG_WARN_EMPTY_BODY = YES;
				CLANG_WARN_ENUM_CONVERSION = YES;
				CLANG_WARN_INFINITE_RECURSION = YES;
				CLANG_WARN_INT_CONVERSION = YES;
				CLANG_WARN_NON_LITERAL_NULL_CONVERSION = YES;
				CLANG_WARN_OBJC_IMPLICIT_RETAIN_SELF = YES;
				CLANG_WARN_OBJC_LITERAL_CONVERSION = YES;
				CLANG_WARN_OBJC_ROOT_CLASS = YES_ERROR;
				CLANG_WARN_QUOTED_INCLUDE_IN_FRAMEWORK_HEADER = YES;
				CLANG_WARN_RANGE_LOOP_ANALYSIS = YES;
				CLANG_WARN_STRICT_PROTOTYPES = YES;
				CLANG_WARN_SUSPICIOUS_MOVE = YES;
				CLANG_WARN_UNGUARDED_AVAILABILITY = YES_AGGRESSIVE;
				CLANG_WARN_UNREACHABLE_CODE = YES;
				CLANG_WARN__DUPLICATE_METHOD_MATCH = YES;
				COPY_PHASE_STRIP = NO;
				DEBUG_INFORMATION_FORMAT = dwarf;
				ENABLE_STRICT_OBJC_MSGSEND = YES;
				ENABLE_TESTABILITY = YES;
				ENABLE_USER_SCRIPT_SANDBOXING = YES;
				GCC_C_LANGUAGE_STANDARD = gnu17;
				GCC_DYNAMIC_NO_PIC = NO;
				GCC_NO_COMMON_BLOCKS = YES;
				GCC_OPTIMIZATION_LEVEL = 0;
				GCC_PREPROCESSOR_DEFINITIONS = (
					"DEBUG=1",
					"$(inherited)",
				);
				GCC_WARN_64_TO_32_BIT_CONVERSION = YES;
				GCC_WARN_ABOUT_RETURN_TYPE = YES_ERROR;
				GCC_WARN_UNDECLARED_SELECTOR = YES;
				GCC_WARN_UNINITIALIZED_AUTOS = YES_AGGRESSIVE;
				GCC_WARN_UNUSED_FUNCTION = YES;
				GCC_WARN_UNUSED_VARIABLE = YES;
				IPHONEOS_DEPLOYMENT_TARGET = 26.0;
				LOCALIZATION_PREFERS_STRING_CATALOGS = YES;
				MTL_ENABLE_DEBUG_INFO = INCLUDE_SOURCE;
				MTL_FAST_MATH = YES;
				ONLY_ACTIVE_ARCH = YES;
				SDKROOT = iphoneos;
				SWIFT_ACTIVE_COMPILATION_CONDITIONS = "DEBUG $(inherited)";
				SWIFT_OPTIMIZATION_LEVEL = "-Onone";
			};
			name = Debug;
		};
		86FA89502F71BCB600A665CD /* Release */ = {
			isa = XCBuildConfiguration;
			buildSettings = {
				ALWAYS_SEARCH_USER_PATHS = NO;
				ASSETCATALOG_COMPILER_GENERATE_SWIFT_ASSET_SYMBOL_EXTENSIONS = YES;
				CLANG_ANALYZER_NONNULL = YES;
				CLANG_ANALYZER_NUMBER_OBJECT_CONVERSION = YES_AGGRESSIVE;
				CLANG_CXX_LANGUAGE_STANDARD = "gnu++20";
				CLANG_ENABLE_MODULES = YES;
				CLANG_ENABLE_OBJC_ARC = YES;
				CLANG_ENABLE_OBJC_WEAK = YES;
				CLANG_WARN_BLOCK_CAPTURE_AUTORELEASING = YES;
				CLANG_WARN_BOOL_CONVERSION = YES;
				CLANG_WARN_COMMA = YES;
				CLANG_WARN_CONSTANT_CONVERSION = YES;
				CLANG_WARN_DEPRECATED_OBJC_IMPLEMENTATIONS = YES;
				CLANG_WARN_DIRECT_OBJC_ISA_USAGE = YES_ERROR;
				CLANG_WARN_DOCUMENTATION_COMMENTS = YES;
				CLANG_WARN_EMPTY_BODY = YES;
				CLANG_WARN_ENUM_CONVERSION = YES;
				CLANG_WARN_INFINITE_RECURSION = YES;
				CLANG_WARN_INT_CONVERSION = YES;
				CLANG_WARN_NON_LITERAL_NULL_CONVERSION = YES;
				CLANG_WARN_OBJC_IMPLICIT_RETAIN_SELF = YES;
				CLANG_WARN_OBJC_LITERAL_CONVERSION = YES;
				CLANG_WARN_OBJC_ROOT_CLASS = YES_ERROR;
				CLANG_WARN_QUOTED_INCLUDE_IN_FRAMEWORK_HEADER = YES;
				CLANG_WARN_RANGE_LOOP_ANALYSIS = YES;
				CLANG_WARN_STRICT_PROTOTYPES = YES;
				CLANG_WARN_SUSPICIOUS_MOVE = YES;
				CLANG_WARN_UNGUARDED_AVAILABILITY = YES_AGGRESSIVE;
				CLANG_WARN_UNREACHABLE_CODE = YES;
				CLANG_WARN__DUPLICATE_METHOD_MATCH = YES;
				COPY_PHASE_STRIP = NO;
				DEBUG_INFORMATION_FORMAT = "dwarf-with-dsym";
				ENABLE_NS_ASSERTIONS = NO;
				ENABLE_STRICT_OBJC_MSGSEND = YES;
				ENABLE_USER_SCRIPT_SANDBOXING = YES;
				GCC_C_LANGUAGE_STANDARD = gnu17;
				GCC_NO_COMMON_BLOCKS = YES;
				GCC_WARN_64_TO_32_BIT_CONVERSION = YES;
				GCC_WARN_ABOUT_RETURN_TYPE = YES_ERROR;
				GCC_WARN_UNDECLARED_SELECTOR = YES;
				GCC_WARN_UNINITIALIZED_AUTOS = YES_AGGRESSIVE;
				GCC_WARN_UNUSED_FUNCTION = YES;
				GCC_WARN_UNUSED_VARIABLE = YES;
				IPHONEOS_DEPLOYMENT_TARGET = 26.0;
				LOCALIZATION_PREFERS_STRING_CATALOGS = YES;
				MTL_ENABLE_DEBUG_INFO = NO;
				MTL_FAST_MATH = YES;
				SDKROOT = iphoneos;
				SWIFT_COMPILATION_MODE = wholemodule;
				VALIDATE_PRODUCT = YES;
			};
			name = Release;
		};
		86FA89522F71BCB600A665CD /* Debug */ = {
			isa = XCBuildConfiguration;
			buildSettings = {
				ASSETCATALOG_COMPILER_APPICON_NAME = AppIcon;
				ASSETCATALOG_COMPILER_GLOBAL_ACCENT_COLOR_NAME = AccentColor;
				CODE_SIGN_ENTITLEMENTS = Apapacho.entitlements;
				CODE_SIGN_STYLE = Automatic;
				CURRENT_PROJECT_VERSION = 1;
				DEVELOPMENT_TEAM = PV7HK6JW2Y;
				ENABLE_PREVIEWS = YES;
				GENERATE_INFOPLIST_FILE = YES;
				INFOPLIST_KEY_GROQ_API_KEY = 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;
				INFOPLIST_KEY_NSContactsUsageDescription = "Necesitamos acceso a tus contactos para que puedas elegir personas de apoyo y agregarlas a tu red de emergencia.";
				INFOPLIST_KEY_NSPhotoLibraryUsageDescription = "Necesitamos acceso a tu galeria para que puedas elegir una foto como avatar de apoyo.";
				INFOPLIST_KEY_UIApplicationSceneManifest_Generation = YES;
				INFOPLIST_KEY_UIApplicationSupportsIndirectInputEvents = YES;
				INFOPLIST_KEY_UILaunchScreen_Generation = YES;
				INFOPLIST_KEY_UISupportedInterfaceOrientations_iPad = "UIInterfaceOrientationPortrait UIInterfaceOrientationPortraitUpsideDown UIInterfaceOrientationLandscapeLeft UIInterfaceOrientationLandscapeRight";
				INFOPLIST_KEY_UISupportedInterfaceOrientations_iPhone = "UIInterfaceOrientationPortrait UIInterfaceOrientationLandscapeLeft UIInterfaceOrientationLandscapeRight";
				IPHONEOS_DEPLOYMENT_TARGET = 18.0;
				LD_RUNPATH_SEARCH_PATHS = (
					"$(inherited)",
					"@executable_path/Frameworks",
				);
				MARKETING_VERSION = 1.0;
				PRODUCT_BUNDLE_IDENTIFIER = yo.Kokoro;
				PRODUCT_NAME = "$(TARGET_NAME)";
				STRING_CATALOG_GENERATE_SYMBOLS = YES;
				SWIFT_APPROACHABLE_CONCURRENCY = YES;
				SWIFT_DEFAULT_ACTOR_ISOLATION = MainActor;
				SWIFT_EMIT_LOC_STRINGS = YES;
				SWIFT_UPCOMING_FEATURE_MEMBER_IMPORT_VISIBILITY = YES;
				SWIFT_VERSION = 5.0;
				TARGETED_DEVICE_FAMILY = "1,2";
			};
			name = Debug;
		};
		86FA89532F71BCB600A665CD /* Release */ = {
			isa = XCBuildConfiguration;
			buildSettings = {
				ASSETCATALOG_COMPILER_APPICON_NAME = AppIcon;
				ASSETCATALOG_COMPILER_GLOBAL_ACCENT_COLOR_NAME = AccentColor;
				CODE_SIGN_ENTITLEMENTS = Apapacho.entitlements;
				CODE_SIGN_STYLE = Automatic;
				CURRENT_PROJECT_VERSION = 1;
				DEVELOPMENT_TEAM = PV7HK6JW2Y;
				ENABLE_PREVIEWS = YES;
				GENERATE_INFOPLIST_FILE = YES;
				INFOPLIST_KEY_GROQ_API_KEY = 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;
				INFOPLIST_KEY_NSContactsUsageDescription = "Necesitamos acceso a tus contactos para que puedas elegir personas de apoyo y agregarlas a tu red de emergencia.";
				INFOPLIST_KEY_NSPhotoLibraryUsageDescription = "Necesitamos acceso a tu galeria para que puedas elegir una foto como avatar de apoyo.";
				INFOPLIST_KEY_UIApplicationSceneManifest_Generation = YES;
				INFOPLIST_KEY_UIApplicationSupportsIndirectInputEvents = YES;
				INFOPLIST_KEY_UILaunchScreen_Generation = YES;
				INFOPLIST_KEY_UISupportedInterfaceOrientations_iPad = "UIInterfaceOrientationPortrait UIInterfaceOrientationPortraitUpsideDown UIInterfaceOrientationLandscapeLeft UIInterfaceOrientationLandscapeRight";
				INFOPLIST_KEY_UISupportedInterfaceOrientations_iPhone = "UIInterfaceOrientationPortrait UIInterfaceOrientationLandscapeLeft UIInterfaceOrientationLandscapeRight";
				IPHONEOS_DEPLOYMENT_TARGET = 18.0;
				LD_RUNPATH_SEARCH_PATHS = (
					"$(inherited)",
					"@executable_path/Frameworks",
				);
				MARKETING_VERSION = 1.0;
				PRODUCT_BUNDLE_IDENTIFIER = yo.Kokoro;
				PRODUCT_NAME = "$(TARGET_NAME)";
				STRING_CATALOG_GENERATE_SYMBOLS = YES;
				SWIFT_APPROACHABLE_CONCURRENCY = YES;
				SWIFT_DEFAULT_ACTOR_ISOLATION = MainActor;
				SWIFT_EMIT_LOC_STRINGS = YES;
				SWIFT_UPCOMING_FEATURE_MEMBER_IMPORT_VISIBILITY = YES;
				SWIFT_VERSION = 5.0;
				TARGETED_DEVICE_FAMILY = "1,2";
			};
			name = Release;
		};
		86FA89552F71BCB600A665CD /* Debug */ = {
			isa = XCBuildConfiguration;
			buildSettings = {
				BUNDLE_LOADER = "$(TEST_HOST)";
				CODE_SIGN_STYLE = Automatic;
				CURRENT_PROJECT_VERSION = 1;
				GENERATE_INFOPLIST_FILE = YES;
				IPHONEOS_DEPLOYMENT_TARGET = 26.0;
				MARKETING_VERSION = 1.0;
				PRODUCT_BUNDLE_IDENTIFIER = yo.KokoroTests;
				PRODUCT_NAME = "$(TARGET_NAME)";
				STRING_CATALOG_GENERATE_SYMBOLS = NO;
				SWIFT_APPROACHABLE_CONCURRENCY = YES;
				SWIFT_EMIT_LOC_STRINGS = NO;
				SWIFT_UPCOMING_FEATURE_MEMBER_IMPORT_VISIBILITY = YES;
				SWIFT_VERSION = 5.0;
				TARGETED_DEVICE_FAMILY = "1,2";
				TEST_HOST = "$(BUILT_PRODUCTS_DIR)/Apapacho.app/$(BUNDLE_EXECUTABLE_FOLDER_PATH)/Apapacho";
			};
			name = Debug;
		};
		86FA89562F71BCB600A665CD /* Release */ = {
			isa = XCBuildConfiguration;
			buildSettings = {
				BUNDLE_LOADER = "$(TEST_HOST)";
				CODE_SIGN_STYLE = Automatic;
				CURRENT_PROJECT_VERSION = 1;
				GENERATE_INFOPLIST_FILE = YES;
				IPHONEOS_DEPLOYMENT_TARGET = 26.0;
				MARKETING_VERSION = 1.0;
				PRODUCT_BUNDLE_IDENTIFIER = yo.KokoroTests;
				PRODUCT_NAME = "$(TARGET_NAME)";
				STRING_CATALOG_GENERATE_SYMBOLS = NO;
				SWIFT_APPROACHABLE_CONCURRENCY = YES;
				SWIFT_EMIT_LOC_STRINGS = NO;
				SWIFT_UPCOMING_FEATURE_MEMBER_IMPORT_VISIBILITY = YES;
				SWIFT_VERSION = 5.0;
				TARGETED_DEVICE_FAMILY = "1,2";
				TEST_HOST = "$(BUILT_PRODUCTS_DIR)/Apapacho.app/$(BUNDLE_EXECUTABLE_FOLDER_PATH)/Apapacho";
			};
			name = Release;
		};
		86FA89582F71BCB600A665CD /* Debug */ = {
			isa = XCBuildConfiguration;
			buildSettings = {
				CODE_SIGN_STYLE = Automatic;
				CURRENT_PROJECT_VERSION = 1;
				GENERATE_INFOPLIST_FILE = YES;
				MARKETING_VERSION = 1.0;
				PRODUCT_BUNDLE_IDENTIFIER = yo.KokoroUITests;
				PRODUCT_NAME = "$(TARGET_NAME)";
				STRING_CATALOG_GENERATE_SYMBOLS = NO;
				SWIFT_APPROACHABLE_CONCURRENCY = YES;
				SWIFT_EMIT_LOC_STRINGS = NO;
				SWIFT_UPCOMING_FEATURE_MEMBER_IMPORT_VISIBILITY = YES;
				SWIFT_VERSION = 5.0;
				TARGETED_DEVICE_FAMILY = "1,2";
				TEST_TARGET_NAME = Kokoro;
			};
			name = Debug;
		};
		86FA89592F71BCB600A665CD /* Release */ = {
			isa = XCBuildConfiguration;
			buildSettings = {
				CODE_SIGN_STYLE = Automatic;
				CURRENT_PROJECT_VERSION = 1;
				GENERATE_INFOPLIST_FILE = YES;
				MARKETING_VERSION = 1.0;
				PRODUCT_BUNDLE_IDENTIFIER = yo.KokoroUITests;
				PRODUCT_NAME = "$(TARGET_NAME)";
				STRING_CATALOG_GENERATE_SYMBOLS = NO;
				SWIFT_APPROACHABLE_CONCURRENCY = YES;
				SWIFT_EMIT_LOC_STRINGS = NO;
				SWIFT_UPCOMING_FEATURE_MEMBER_IMPORT_VISIBILITY = YES;
				SWIFT_VERSION = 5.0;
				TARGETED_DEVICE_FAMILY = "1,2";
				TEST_TARGET_NAME = Kokoro;
			};
			name = Release;
		};
		86FA9D272F72FADD0066DC30 /* Debug */ = {
			isa = XCBuildConfiguration;
			buildSettings = {
				ASSETCATALOG_COMPILER_GLOBAL_ACCENT_COLOR_NAME = AccentColor;
				ASSETCATALOG_COMPILER_WIDGET_BACKGROUND_COLOR_NAME = WidgetBackground;
				CODE_SIGN_ENTITLEMENTS = ApapachoWidgetExtension.entitlements;
				CODE_SIGN_STYLE = Automatic;
				CURRENT_PROJECT_VERSION = 1;
				DEVELOPMENT_TEAM = PV7HK6JW2Y;
				GENERATE_INFOPLIST_FILE = YES;
				INFOPLIST_FILE = ApapachoWidget/Info.plist;
				INFOPLIST_KEY_CFBundleDisplayName = ApapachoWidget;
				INFOPLIST_KEY_NSHumanReadableCopyright = "";
				IPHONEOS_DEPLOYMENT_TARGET = 18.0;
				LD_RUNPATH_SEARCH_PATHS = (
					"$(inherited)",
					"@executable_path/Frameworks",
					"@executable_path/../../Frameworks",
				);
				MARKETING_VERSION = 1.0;
				PRODUCT_BUNDLE_IDENTIFIER = yo.Kokoro.ApapachoWidget;
				PRODUCT_NAME = "$(TARGET_NAME)";
				SKIP_INSTALL = YES;
				STRING_CATALOG_GENERATE_SYMBOLS = YES;
				SWIFT_APPROACHABLE_CONCURRENCY = YES;
				SWIFT_EMIT_LOC_STRINGS = YES;
				SWIFT_UPCOMING_FEATURE_MEMBER_IMPORT_VISIBILITY = YES;
				SWIFT_VERSION = 5.0;
				TARGETED_DEVICE_FAMILY = "1,2";
			};
			name = Debug;
		};
		86FA9D282F72FADD0066DC30 /* Release */ = {
			isa = XCBuildConfiguration;
			buildSettings = {
				ASSETCATALOG_COMPILER_GLOBAL_ACCENT_COLOR_NAME = AccentColor;
				ASSETCATALOG_COMPILER_WIDGET_BACKGROUND_COLOR_NAME = WidgetBackground;
				CODE_SIGN_ENTITLEMENTS = ApapachoWidgetExtension.entitlements;
				CODE_SIGN_STYLE = Automatic;
				CURRENT_PROJECT_VERSION = 1;
				DEVELOPMENT_TEAM = PV7HK6JW2Y;
				GENERATE_INFOPLIST_FILE = YES;
				INFOPLIST_FILE = ApapachoWidget/Info.plist;
				INFOPLIST_KEY_CFBundleDisplayName = ApapachoWidget;
				INFOPLIST_KEY_NSHumanReadableCopyright = "";
				IPHONEOS_DEPLOYMENT_TARGET = 18.0;
				LD_RUNPATH_SEARCH_PATHS = (
					"$(inherited)",
					"@executable_path/Frameworks",
					"@executable_path/../../Frameworks",
				);
				MARKETING_VERSION = 1.0;
				PRODUCT_BUNDLE_IDENTIFIER = yo.Kokoro.ApapachoWidget;
				PRODUCT_NAME = "$(TARGET_NAME)";
				SKIP_INSTALL = YES;
				STRING_CATALOG_GENERATE_SYMBOLS = YES;
				SWIFT_APPROACHABLE_CONCURRENCY = YES;
				SWIFT_EMIT_LOC_STRINGS = YES;
				SWIFT_UPCOMING_FEATURE_MEMBER_IMPORT_VISIBILITY = YES;
				SWIFT_VERSION = 5.0;
				TARGETED_DEVICE_FAMILY = "1,2";
			};
			name = Release;
		};
/* End XCBuildConfiguration section */

/* Begin XCConfigurationList section */
		86FA892B2F71BCB500A665CD /* Build configuration list for PBXProject "Apapacho" */ = {
			isa = XCConfigurationList;
			buildConfigurations = (
				86FA894F2F71BCB600A665CD /* Debug */,
				86FA89502F71BCB600A665CD /* Release */,
			);
			defaultConfigurationIsVisible = 0;
			defaultConfigurationName = Release;
		};
		86FA89512F71BCB600A665CD /* Build configuration list for PBXNativeTarget "Apapacho" */ = {
			isa = XCConfigurationList;
			buildConfigurations = (
				86FA89522F71BCB600A665CD /* Debug */,
				86FA89532F71BCB600A665CD /* Release */,
			);
			defaultConfigurationIsVisible = 0;
			defaultConfigurationName = Release;
		};
		86FA89542F71BCB600A665CD /* Build configuration list for PBXNativeTarget "ApapachoTests" */ = {
			isa = XCConfigurationList;
			buildConfigurations = (
				86FA89552F71BCB600A665CD /* Debug */,
				86FA89562F71BCB600A665CD /* Release */,
			);
			defaultConfigurationIsVisible = 0;
			defaultConfigurationName = Release;
		};
		86FA89572F71BCB600A665CD /* Build configuration list for PBXNativeTarget "ApapachoUITests" */ = {
			isa = XCConfigurationList;
			buildConfigurations = (
				86FA89582F71BCB600A665CD /* Debug */,
				86FA89592F71BCB600A665CD /* Release */,
			);
			defaultConfigurationIsVisible = 0;
			defaultConfigurationName = Release;
		};
		86FA9D262F72FADD0066DC30 /* Build configuration list for PBXNativeTarget "ApapachoWidgetExtension" */ = {
			isa = XCConfigurationList;
			buildConfigurations = (
				86FA9D272F72FADD0066DC30 /* Debug */,
				86FA9D282F72FADD0066DC30 /* Release */,
			);
			defaultConfigurationIsVisible = 0;
			defaultConfigurationName = Release;
		};
/* End XCConfigurationList section */
	};
	rootObject = 86FA89282F71BCB500A665CD /* Project object */;
}
